// !$*UTF8*$!
{
	archiveVersion = 1;
	classes = {
	};
	objectVersion = 50;
	objects = {

/* Begin PBXBuildFile section */
		56E121622235061E0012D9CF /* SFUserCenter.m in Sources */ = {isa = PBXBuildFile; fileRef = 56E1215B2235061E0012D9CF /* SFUserCenter.m */; };
		56E121632235061E0012D9CF /* SFUserCenterViewController.m in Sources */ = {isa = PBXBuildFile; fileRef = 56E121612235061E0012D9CF /* SFUserCenterViewController.m */; };
		56E12192223538B70012D9CF /* Server.plist in Resources */ = {isa = PBXBuildFile; fileRef = 56E1218B223538B70012D9CF /* Server.plist */; };
		56E12193223538B70012D9CF /* Localizable.strings in Resources */ = {isa = PBXBuildFile; fileRef = 56E1218D223538B70012D9CF /* Localizable.strings */; };
/* End PBXBuildFile section */

/* Begin PBXCopyFilesBuildPhase section */
		563AD485222B878B00C482C7 /* CopyFiles */ = {
			isa = PBXCopyFilesBuildPhase;
			buildActionMask = 2147483647;
			dstPath = "include/$(PRODUCT_NAME)";
			dstSubfolderSpec = 16;
			files = (
			);
			runOnlyForDeploymentPostprocessing = 0;
		};
/* End PBXCopyFilesBuildPhase section */

/* Begin PBXFileReference section */
		563AD487222B878B00C482C7 /* libSFUserCenter.a */ = {isa = PBXFileReference; explicitFileType = archive.ar; includeInIndex = 0; path = libSFUserCenter.a; sourceTree = BUILT_PRODUCTS_DIR; };
		56E1215B2235061E0012D9CF /* SFUserCenter.m */ = {isa = PBXFileReference; fileEncoding = 4; lastKnownFileType = sourcecode.c.objc; path = SFUserCenter.m; sourceTree = "<group>"; };
		56E1215C2235061E0012D9CF /* SFUserCenter.h */ = {isa = PBXFileReference; fileEncoding = 4; lastKnownFileType = sourcecode.c.h; path = SFUserCenter.h; sourceTree = "<group>"; };
		56E121602235061E0012D9CF /* SFUserCenterViewController.h */ = {isa = PBXFileReference; fileEncoding = 4; lastKnownFileType = sourcecode.c.h; path = SFUserCenterViewController.h; sourceTree = "<group>"; };
		56E121612235061E0012D9CF /* SFUserCenterViewController.m */ = {isa = PBXFileReference; fileEncoding = 4; lastKnownFileType = sourcecode.c.objc; path = SFUserCenterViewController.m; sourceTree = "<group>"; };
		56E12168223506350012D9CF /* SFUserCenterBundle.bundle */ = {isa = PBXFileReference; explicitFileType = wrapper.cfbundle; includeInIndex = 0; path = SFUserCenterBundle.bundle; sourceTree = BUILT_PRODUCTS_DIR; };
		56E1218B223538B70012D9CF /* Server.plist */ = {isa = PBXFileReference; fileEncoding = 4; lastKnownFileType = text.plist.xml; path = Server.plist; sourceTree = "<group>"; };
		56E1218E223538B70012D9CF /* zh-Hans */ = {isa = PBXFileReference; lastKnownFileType = text.plist.strings; name = "zh-Hans"; path = "zh-Hans.lproj/Localizable.strings"; sourceTree = "<group>"; };
		56E1218F223538B70012D9CF /* en */ = {isa = PBXFileReference; lastKnownFileType = text.plist.strings; name = en; path = en.lproj/Localizable.strings; sourceTree = "<group>"; };
/* End PBXFileReference section */

/* Begin PBXFrameworksBuildPhase section */
		563AD484222B878B00C482C7 /* Frameworks */ = {
			isa = PBXFrameworksBuildPhase;
			buildActionMask = 2147483647;
			files = (
			);
			runOnlyForDeploymentPostprocessing = 0;
		};
		56E12165223506350012D9CF /* Frameworks */ = {
			isa = PBXFrameworksBuildPhase;
			buildActionMask = 2147483647;
			files = (
			);
			runOnlyForDeploymentPostprocessing = 0;
		};
/* End PBXFrameworksBuildPhase section */

/* Begin PBXGroup section */
		563AD47E222B878B00C482C7 = {
			isa = PBXGroup;
			children = (
				563AD489222B878B00C482C7 /* SFUserCenter */,
				56E12169223506350012D9CF /* SFUserCenterBundle */,
				563AD488222B878B00C482C7 /* Products */,
			);
			sourceTree = "<group>";
		};
		563AD488222B878B00C482C7 /* Products */ = {
			isa = PBXGroup;
			children = (
				563AD487222B878B00C482C7 /* libSFUserCenter.a */,
				56E12168223506350012D9CF /* SFUserCenterBundle.bundle */,
			);
			name = Products;
			sourceTree = "<group>";
		};
		563AD489222B878B00C482C7 /* SFUserCenter */ = {
			isa = PBXGroup;
			children = (
				56E1215A2235061E0012D9CF /* inc */,
				56E1215D2235061E0012D9CF /* src */,
			);
			path = SFUserCenter;
			sourceTree = "<group>";
		};
		56E1215A2235061E0012D9CF /* inc */ = {
			isa = PBXGroup;
			children = (
				56E1215B2235061E0012D9CF /* SFUserCenter.m */,
				56E1215C2235061E0012D9CF /* SFUserCenter.h */,
			);
			path = inc;
			sourceTree = "<group>";
		};
		56E1215D2235061E0012D9CF /* src */ = {
			isa = PBXGroup;
			children = (
				56E1215E2235061E0012D9CF /* UserCenter */,
			);
			path = src;
			sourceTree = "<group>";
		};
		56E1215E2235061E0012D9CF /* UserCenter */ = {
			isa = PBXGroup;
			children = (
				56E1215F2235061E0012D9CF /* ViewController */,
			);
			path = UserCenter;
			sourceTree = "<group>";
		};
		56E1215F2235061E0012D9CF /* ViewController */ = {
			isa = PBXGroup;
			children = (
				56E121602235061E0012D9CF /* SFUserCenterViewController.h */,
				56E121612235061E0012D9CF /* SFUserCenterViewController.m */,
			);
			path = ViewController;
			sourceTree = "<group>";
		};
		56E12169223506350012D9CF /* SFUserCenterBundle */ = {
			isa = PBXGroup;
			children = (
				56E12189223538B70012D9CF /* master */,
			);
			path = SFUserCenterBundle;
			sourceTree = "<group>";
		};
		56E12189223538B70012D9CF /* master */ = {
			isa = PBXGroup;
			children = (
				56E1218A223538B70012D9CF /* Config */,
				56E1218C223538B70012D9CF /* Localized */,
				56E12190223538B70012D9CF /* Image */,
			);
			path = master;
			sourceTree = "<group>";
		};
		56E1218A223538B70012D9CF /* Config */ = {
			isa = PBXGroup;
			children = (
				56E1218B223538B70012D9CF /* Server.plist */,
			);
			path = Config;
			sourceTree = "<group>";
		};
		56E1218C223538B70012D9CF /* Localized */ = {
			isa = PBXGroup;
			children = (
				56E1218D223538B70012D9CF /* Localizable.strings */,
			);
			path = Localized;
			sourceTree = "<group>";
		};
		56E12190223538B70012D9CF /* Image */ = {
			isa = PBXGroup;
			children = (
			);
			path = Image;
			sourceTree = "<group>";
		};
/* End PBXGroup section */

/* Begin PBXNativeTarget section */
		563AD486222B878B00C482C7 /* SFUserCenter */ = {
			isa = PBXNativeTarget;
			buildConfigurationList = 563AD490222B878B00C482C7 /* Build configuration list for PBXNativeTarget "SFUserCenter" */;
			buildPhases = (
				563AD483222B878B00C482C7 /* Sources */,
				563AD484222B878B00C482C7 /* Frameworks */,
				563AD485222B878B00C482C7 /* CopyFiles */,
			);
			buildRules = (
			);
			dependencies = (
			);
			name = SFUserCenter;
			productName = SFUserCenter;
			productReference = 563AD487222B878B00C482C7 /* libSFUserCenter.a */;
			productType = "com.apple.product-type.library.static";
		};
		56E12167223506350012D9CF /* SFUserCenterBundle */ = {
			isa = PBXNativeTarget;
			buildConfigurationList = 56E1216B223506350012D9CF /* Build configuration list for PBXNativeTarget "SFUserCenterBundle" */;
			buildPhases = (
				56E12164223506350012D9CF /* Sources */,
				56E12165223506350012D9CF /* Frameworks */,
				56E12166223506350012D9CF /* Resources */,
			);
			buildRules = (
			);
			dependencies = (
			);
			name = SFUserCenterBundle;
			productName = SFUserCenterBundle;
			productReference = 56E12168223506350012D9CF /* SFUserCenterBundle.bundle */;
			productType = "com.apple.product-type.bundle";
		};
/* End PBXNativeTarget section */

/* Begin PBXProject section */
		563AD47F222B878B00C482C7 /* Project object */ = {
			isa = PBXProject;
			attributes = {
				LastUpgradeCheck = 1010;
				ORGANIZATIONNAME = com.sf.ios;
				TargetAttributes = {
					563AD486222B878B00C482C7 = {
						CreatedOnToolsVersion = 10.1;
					};
					56E12167223506350012D9CF = {
						CreatedOnToolsVersion = 10.1;
					};
				};
			};
			buildConfigurationList = 563AD482222B878B00C482C7 /* Build configuration list for PBXProject "SFUserCenter" */;
			compatibilityVersion = "Xcode 9.3";
			developmentRegion = en;
			hasScannedForEncodings = 0;
			knownRegions = (
				en,
				"zh-Hans",
			);
			mainGroup = 563AD47E222B878B00C482C7;
			productRefGroup = 563AD488222B878B00C482C7 /* Products */;
			projectDirPath = "";
			projectRoot = "";
			targets = (
				563AD486222B878B00C482C7 /* SFUserCenter */,
				56E12167223506350012D9CF /* SFUserCenterBundle */,
			);
		};
/* End PBXProject section */

/* Begin PBXResourcesBuildPhase section */
		56E12166223506350012D9CF /* Resources */ = {
			isa = PBXResourcesBuildPhase;
			buildActionMask = 2147483647;
			files = (
				56E12192223538B70012D9CF /* Server.plist in Resources */,
				56E12193223538B70012D9CF /* Localizable.strings in Resources */,
			);
			runOnlyForDeploymentPostprocessing = 0;
		};
/* End PBXResourcesBuildPhase section */

/* Begin PBXSourcesBuildPhase section */
		563AD483222B878B00C482C7 /* Sources */ = {
			isa = PBXSourcesBuildPhase;
			buildActionMask = 2147483647;
			files = (
				56E121622235061E0012D9CF /* SFUserCenter.m in Sources */,
				56E121632235061E0012D9CF /* SFUserCenterViewController.m in Sources */,
			);
			runOnlyForDeploymentPostprocessing = 0;
		};
		56E12164223506350012D9CF /* Sources */ = {
			isa = PBXSourcesBuildPhase;
			buildActionMask = 2147483647;
			files = (
			);
			runOnlyForDeploymentPostprocessing = 0;
		};
/* End PBXSourcesBuildPhase section */

/* Begin PBXVariantGroup section */
		56E1218D223538B70012D9CF /* Localizable.strings */ = {
			isa = PBXVariantGroup;
			children = (
				56E1218E223538B70012D9CF /* zh-Hans */,
				56E1218F223538B70012D9CF /* en */,
			);
			name = Localizable.strings;
			sourceTree = "<group>";
		};
/* End PBXVariantGroup section */

/* Begin XCBuildConfiguration section */
		563AD48E222B878B00C482C7 /* Debug */ = {
			isa = XCBuildConfiguration;
			buildSettings = {
				ALWAYS_SEARCH_USER_PATHS = NO;
				CLANG_ANALYZER_NONNULL = YES;
				CLANG_ANALYZER_NUMBER_OBJECT_CONVERSION = YES_AGGRESSIVE;
				CLANG_CXX_LANGUAGE_STANDARD = "gnu++14";
				CLANG_CXX_LIBRARY = "libc++";
				CLANG_ENABLE_MODULES = YES;
				CLANG_ENABLE_OBJC_ARC = YES;
				CLANG_ENABLE_OBJC_WEAK = YES;
				CLANG_WARN_BLOCK_CAPTURE_AUTORELEASING = YES;
				CLANG_WARN_BOOL_CONVERSION = YES;
				CLANG_WARN_COMMA = YES;
				CLANG_WARN_CONSTANT_CONVERSION = YES;
				CLANG_WARN_DEPRECATED_OBJC_IMPLEMENTATIONS = YES;
				CLANG_WARN_DIRECT_OBJC_ISA_USAGE = YES_ERROR;
				CLANG_WARN_DOCUMENTATION_COMMENTS = YES;
				CLANG_WARN_EMPTY_BODY = YES;
				CLANG_WARN_ENUM_CONVERSION = YES;
				CLANG_WARN_INFINITE_RECURSION = YES;
				CLANG_WARN_INT_CONVERSION = YES;
				CLANG_WARN_NON_LITERAL_NULL_CONVERSION = YES;
				CLANG_WARN_OBJC_IMPLICIT_RETAIN_SELF = YES;
				CLANG_WARN_OBJC_LITERAL_CONVERSION = YES;
				CLANG_WARN_OBJC_ROOT_CLASS = YES_ERROR;
				CLANG_WARN_RANGE_LOOP_ANALYSIS = YES;
				CLANG_WARN_STRICT_PROTOTYPES = YES;
				CLANG_WARN_SUSPICIOUS_MOVE = YES;
				CLANG_WARN_UNGUARDED_AVAILABILITY = YES_AGGRESSIVE;
				CLANG_WARN_UNREACHABLE_CODE = YES;
				CLANG_WARN__DUPLICATE_METHOD_MATCH = YES;
				CODE_SIGN_IDENTITY = "iPhone Developer";
				COPY_PHASE_STRIP = NO;
				DEBUG_INFORMATION_FORMAT = dwarf;
				ENABLE_STRICT_OBJC_MSGSEND = YES;
				ENABLE_TESTABILITY = YES;
				GCC_C_LANGUAGE_STANDARD = gnu11;
				GCC_DYNAMIC_NO_PIC = NO;
				GCC_NO_COMMON_BLOCKS = YES;
				GCC_OPTIMIZATION_LEVEL = 0;
				GCC_PREPROCESSOR_DEFINITIONS = (
					"DEBUG=1",
					"$(inherited)",
				);
				GCC_WARN_64_TO_32_BIT_CONVERSION = YES;
				GCC_WARN_ABOUT_RETURN_TYPE = YES_ERROR;
				GCC_WARN_UNDECLARED_SELECTOR = YES;
				GCC_WARN_UNINITIALIZED_AUTOS = YES_AGGRESSIVE;
				GCC_WARN_UNUSED_FUNCTION = YES;
				GCC_WARN_UNUSED_VARIABLE = YES;
				IPHONEOS_DEPLOYMENT_TARGET = 12.1;
				MTL_ENABLE_DEBUG_INFO = INCLUDE_SOURCE;
				MTL_FAST_MATH = YES;
				ONLY_ACTIVE_ARCH = YES;
				SDKROOT = iphoneos;
			};
			name = Debug;
		};
		563AD48F222B878B00C482C7 /* Release */ = {
			isa = XCBuildConfiguration;
			buildSettings = {
				ALWAYS_SEARCH_USER_PATHS = NO;
				CLANG_ANALYZER_NONNULL = YES;
				CLANG_ANALYZER_NUMBER_OBJECT_CONVERSION = YES_AGGRESSIVE;
				CLANG_CXX_LANGUAGE_STANDARD = "gnu++14";
				CLANG_CXX_LIBRARY = "libc++";
				CLANG_ENABLE_MODULES = YES;
				CLANG_ENABLE_OBJC_ARC = YES;
				CLANG_ENABLE_OBJC_WEAK = YES;
				CLANG_WARN_BLOCK_CAPTURE_AUTORELEASING = YES;
				CLANG_WARN_BOOL_CONVERSION = YES;
				CLANG_WARN_COMMA = YES;
				CLANG_WARN_CONSTANT_CONVERSION = YES;
				CLANG_WARN_DEPRECATED_OBJC_IMPLEMENTATIONS = YES;
				CLANG_WARN_DIRECT_OBJC_ISA_USAGE = YES_ERROR;
				CLANG_WARN_DOCUMENTATION_COMMENTS = YES;
				CLANG_WARN_EMPTY_BODY = YES;
				CLANG_WARN_ENUM_CONVERSION = YES;
				CLANG_WARN_INFINITE_RECURSION = YES;
				CLANG_WARN_INT_CONVERSION = YES;
				CLANG_WARN_NON_LITERAL_NULL_CONVERSION = YES;
				CLANG_WARN_OBJC_IMPLICIT_RETAIN_SELF = YES;
				CLANG_WARN_OBJC_LITERAL_CONVERSION = YES;
				CLANG_WARN_OBJC_ROOT_CLASS = YES_ERROR;
				CLANG_WARN_RANGE_LOOP_ANALYSIS = YES;
				CLANG_WARN_STRICT_PROTOTYPES = YES;
				CLANG_WARN_SUSPICIOUS_MOVE = YES;
				CLANG_WARN_UNGUARDED_AVAILABILITY = YES_AGGRESSIVE;
				CLANG_WARN_UNREACHABLE_CODE = YES;
				CLANG_WARN__DUPLICATE_METHOD_MATCH = YES;
				CODE_SIGN_IDENTITY = "iPhone Developer";
				COPY_PHASE_STRIP = NO;
				DEBUG_INFORMATION_FORMAT = "dwarf-with-dsym";
				ENABLE_NS_ASSERTIONS = NO;
				ENABLE_STRICT_OBJC_MSGSEND = YES;
				GCC_C_LANGUAGE_STANDARD = gnu11;
				GCC_NO_COMMON_BLOCKS = YES;
				GCC_WARN_64_TO_32_BIT_CONVERSION = YES;
				GCC_WARN_ABOUT_RETURN_TYPE = YES_ERROR;
				GCC_WARN_UNDECLARED_SELECTOR = YES;
				GCC_WARN_UNINITIALIZED_AUTOS = YES_AGGRESSIVE;
				GCC_WARN_UNUSED_FUNCTION = YES;
				GCC_WARN_UNUSED_VARIABLE = YES;
				IPHONEOS_DEPLOYMENT_TARGET = 12.1;
				MTL_ENABLE_DEBUG_INFO = NO;
				MTL_FAST_MATH = YES;
				SDKROOT = iphoneos;
				VALIDATE_PRODUCT = YES;
			};
			name = Release;
		};
		563AD491222B878B00C482C7 /* Debug */ = {
			isa = XCBuildConfiguration;
			buildSettings = {
				CODE_SIGN_STYLE = Automatic;
				OTHER_LDFLAGS = "-ObjC";
				PRODUCT_NAME = "$(TARGET_NAME)";
				SKIP_INSTALL = YES;
				TARGETED_DEVICE_FAMILY = "1,2";
			};
			name = Debug;
		};
		563AD492222B878B00C482C7 /* Release */ = {
			isa = XCBuildConfiguration;
			buildSettings = {
				CODE_SIGN_STYLE = Automatic;
				OTHER_LDFLAGS = "-ObjC";
				PRODUCT_NAME = "$(TARGET_NAME)";
				SKIP_INSTALL = YES;
				TARGETED_DEVICE_FAMILY = "1,2";
			};
			name = Release;
		};
		56E1216C223506350012D9CF /* Debug */ = {
			isa = XCBuildConfiguration;
			buildSettings = {
				CODE_SIGN_IDENTITY = "-";
				CODE_SIGN_STYLE = Automatic;
				COMBINE_HIDPI_IMAGES = YES;
				INFOPLIST_FILE = SFUserCenterBundle/Info.plist;
				INSTALL_PATH = "$(LOCAL_LIBRARY_DIR)/Bundles";
				MACOSX_DEPLOYMENT_TARGET = 10.14;
				PRODUCT_BUNDLE_IDENTIFIER = com.sf.ios.SFUserCenterBundle;
				PRODUCT_NAME = "$(TARGET_NAME)";
				SDKROOT = macosx;
				SKIP_INSTALL = YES;
				WRAPPER_EXTENSION = bundle;
			};
			name = Debug;
		};
		56E1216D223506350012D9CF /* Release */ = {
			isa = XCBuildConfiguration;
			buildSettings = {
				CODE_SIGN_IDENTITY = "-";
				CODE_SIGN_STYLE = Automatic;
				COMBINE_HIDPI_IMAGES = YES;
				INFOPLIST_FILE = SFUserCenterBundle/Info.plist;
				INSTALL_PATH = "$(LOCAL_LIBRARY_DIR)/Bundles";
				MACOSX_DEPLOYMENT_TARGET = 10.14;
				PRODUCT_BUNDLE_IDENTIFIER = com.sf.ios.SFUserCenterBundle;
				PRODUCT_NAME = "$(TARGET_NAME)";
				SDKROOT = macosx;
				SKIP_INSTALL = YES;
				WRAPPER_EXTENSION = bundle;
			};
			name = Release;
		};
/* End XCBuildConfiguration section */

/* Begin XCConfigurationList section */
		563AD482222B878B00C482C7 /* Build configuration list for PBXProject "SFUserCenter" */ = {
			isa = XCConfigurationList;
			buildConfigurations = (
				563AD48E222B878B00C482C7 /* Debug */,
				563AD48F222B878B00C482C7 /* Release */,
			);
			defaultConfigurationIsVisible = 0;
			defaultConfigurationName = Release;
		};
		563AD490222B878B00C482C7 /* Build configuration list for PBXNativeTarget "SFUserCenter" */ = {
			isa = XCConfigurationList;
			buildConfigurations = (
				563AD491222B878B00C482C7 /* Debug */,
				563AD492222B878B00C482C7 /* Release */,
			);
			defaultConfigurationIsVisible = 0;
			defaultConfigurationName = Release;
		};
		56E1216B223506350012D9CF /* Build configuration list for PBXNativeTarget "SFUserCenterBundle" */ = {
			isa = XCConfigurationList;
			buildConfigurations = (
				56E1216C223506350012D9CF /* Debug */,
				56E1216D223506350012D9CF /* Release */,
			);
			defaultConfigurationIsVisible = 0;
			defaultConfigurationName = Release;
		};
/* End XCConfigurationList section */
	};
	rootObject = 563AD47F222B878B00C482C7 /* Project object */;
}
